
Microsoft Visual Studio Solution File, Format Version 12.00
# Visual Studio 15
VisualStudioVersion = 15.0.28307.645
MinimumVisualStudioVersion = 10.0.40219.1
Project("{FAE04EC0-301F-11D3-BF4B-00C04F79EFBC}") = "SecondConsoleTest", "SecondConsoleTest\SecondConsoleTest.csproj", "{39F239AE-2B00-41D2-930B-2AC9AF598CA7}"
EndProject
Global
	GlobalSection(SolutionConfigurationPlatforms) = preSolution
		Debug|Any CPU = Debug|Any CPU
		Release|Any CPU = Release|Any CPU
	EndGlobalSection
	GlobalSection(ProjectConfigurationPlatforms) = postSolution
		{39F239AE-2B00-41D2-930B-2AC9AF598CA7}.Debug|Any CPU.ActiveCfg = Debug|Any CPU
		{39F239AE-2B00-41D2-930B-2AC9AF598CA7}.Debug|Any CPU.Build.0 = Debug|Any CPU
		{39F239AE-2B00-41D2-930B-2AC9AF598CA7}.Release|Any CPU.ActiveCfg = Release|Any CPU
		{39F239AE-2B00-41D2-930B-2AC9AF598CA7}.Release|Any CPU.Build.0 = Release|Any CPU
	EndGlobalSection
	GlobalSection(SolutionProperties) = preSolution
		HideSolutionNode = FALSE
	EndGlobalSection
	GlobalSection(ExtensibilityGlobals) = postSolution
		SolutionGuid = {DBAFC13E-9129-4BCD-877B-5C6C746490B5}
	EndGlobalSection
EndGlobal
